
Microsoft Visual Studio Solution File, Format Version 12.00
# Visual Studio Version 16
VisualStudioVersion = 16.0.34407.143
MinimumVisualStudioVersion = 10.0.40219.1
Project("{2150E333-8FDC-42A3-9474-1A3956D46DE8}") = "Services", "Services", "{D459F057-CD79-4333-B691-E72506460486}"
EndProject
Project("{2150E333-8FDC-42A3-9474-1A3956D46DE8}") = "Catalog", "Catalog", "{D08EE153-4F19-477F-9918-BCEB2A1E2A39}"
EndProject
Project("{FAE04EC0-301F-11D3-BF4B-00C04F79EFBC}") = "Catalog.API", "Services\Catalog\Catalog.API\Catalog.API.csproj", "{3F2BD1F7-BA43-48A2-BE28-E2D62AE892D5}"
EndProject
Project("{E53339B2-1760-4266-BCC7-CA923CBCF16C}") = "docker-compose", "docker-compose.dcproj", "{D2B8AD6E-7C6E-4882-88FF-36CCE3E0F72C}"
EndProject
Project("{2150E333-8FDC-42A3-9474-1A3956D46DE8}") = "Basket", "Basket", "{3C9B53DC-B67B-44D0-8DAF-F6789D2B61D6}"
EndProject
Project("{FAE04EC0-301F-11D3-BF4B-00C04F79EFBC}") = "Basket.API", "Services\Basket\Basket.API\Basket.API.csproj", "{823C77F6-2644-4B65-9745-5F8326B1A8A8}"
EndProject
Global
	GlobalSection(SolutionConfigurationPlatforms) = preSolution
		Debug|Any CPU = Debug|Any CPU
		Release|Any CPU = Release|Any CPU
	EndGlobalSection
	GlobalSection(ProjectConfigurationPlatforms) = postSolution
		{3F2BD1F7-BA43-48A2-BE28-E2D62AE892D5}.Debug|Any CPU.ActiveCfg = Debug|Any CPU
		{3F2BD1F7-BA43-48A2-BE28-E2D62AE892D5}.Debug|Any CPU.Build.0 = Debug|Any CPU
		{3F2BD1F7-BA43-48A2-BE28-E2D62AE892D5}.Release|Any CPU.ActiveCfg = Release|Any CPU
		{3F2BD1F7-BA43-48A2-BE28-E2D62AE892D5}.Release|Any CPU.Build.0 = Release|Any CPU
		{D2B8AD6E-7C6E-4882-88FF-36CCE3E0F72C}.Debug|Any CPU.ActiveCfg = Debug|Any CPU
		{D2B8AD6E-7C6E-4882-88FF-36CCE3E0F72C}.Debug|Any CPU.Build.0 = Debug|Any CPU
		{D2B8AD6E-7C6E-4882-88FF-36CCE3E0F72C}.Release|Any CPU.ActiveCfg = Release|Any CPU
		{D2B8AD6E-7C6E-4882-88FF-36CCE3E0F72C}.Release|Any CPU.Build.0 = Release|Any CPU
		{823C77F6-2644-4B65-9745-5F8326B1A8A8}.Debug|Any CPU.ActiveCfg = Debug|Any CPU
		{823C77F6-2644-4B65-9745-5F8326B1A8A8}.Debug|Any CPU.Build.0 = Debug|Any CPU
		{823C77F6-2644-4B65-9745-5F8326B1A8A8}.Release|Any CPU.ActiveCfg = Release|Any CPU
		{823C77F6-2644-4B65-9745-5F8326B1A8A8}.Release|Any CPU.Build.0 = Release|Any CPU
	EndGlobalSection
	GlobalSection(SolutionProperties) = preSolution
		HideSolutionNode = FALSE
	EndGlobalSection
	GlobalSection(NestedProjects) = preSolution
		{D08EE153-4F19-477F-9918-BCEB2A1E2A39} = {D459F057-CD79-4333-B691-E72506460486}
		{3F2BD1F7-BA43-48A2-BE28-E2D62AE892D5} = {D08EE153-4F19-477F-9918-BCEB2A1E2A39}
		{3C9B53DC-B67B-44D0-8DAF-F6789D2B61D6} = {D459F057-CD79-4333-B691-E72506460486}
		{823C77F6-2644-4B65-9745-5F8326B1A8A8} = {3C9B53DC-B67B-44D0-8DAF-F6789D2B61D6}
	EndGlobalSection
	GlobalSection(ExtensibilityGlobals) = postSolution
		SolutionGuid = {7CAEEA2D-8930-45D3-B266-1FA9C5F10783}
	EndGlobalSection
EndGlobal
